// !$*UTF8*$!
{
	archiveVersion = 1;
	classes = {
	};
	objectVersion = 48;
	objects = {

/* Begin PBXBuildFile section */
		674E025021E4936C00C60EE5 /* AppDelegate.swift in Sources */ = {isa = PBXBuildFile; fileRef = 674E024F21E4936C00C60EE5 /* AppDelegate.swift */; };
		674E025221E4936C00C60EE5 /* ViewController.swift in Sources */ = {isa = PBXBuildFile; fileRef = 674E025121E4936C00C60EE5 /* ViewController.swift */; };
		674E025521E4936C00C60EE5 /* Main.storyboard in Resources */ = {isa = PBXBuildFile; fileRef = 674E025321E4936C00C60EE5 /* Main.storyboard */; };
		674E025721E4936C00C60EE5 /* Assets.xcassets in Resources */ = {isa = PBXBuildFile; fileRef = 674E025621E4936C00C60EE5 /* Assets.xcassets */; };
		674E025A21E4936C00C60EE5 /* LaunchScreen.storyboard in Resources */ = {isa = PBXBuildFile; fileRef = 674E025821E4936C00C60EE5 /* LaunchScreen.storyboard */; };
		674E026521E4936D00C60EE5 /* test1Tests.swift in Sources */ = {isa = PBXBuildFile; fileRef = 674E026421E4936D00C60EE5 /* test1Tests.swift */; };
		674E027021E4936D00C60EE5 /* test1UITests.swift in Sources */ = {isa = PBXBuildFile; fileRef = 674E026F21E4936D00C60EE5 /* test1UITests.swift */; };
/* End PBXBuildFile section */

/* Begin PBXContainerItemProxy section */
		674E026121E4936D00C60EE5 /* PBXContainerItemProxy */ = {
			isa = PBXContainerItemProxy;
			containerPortal = 674E024421E4936C00C60EE5 /* Project object */;
			proxyType = 1;
			remoteGlobalIDString = 674E024B21E4936C00C60EE5;
			remoteInfo = test1;
		};
		674E026C21E4936D00C60EE5 /* PBXContainerItemProxy */ = {
			isa = PBXContainerItemProxy;
			containerPortal = 674E024421E4936C00C60EE5 /* Project object */;
			proxyType = 1;
			remoteGlobalIDString = 674E024B21E4936C00C60EE5;
			remoteInfo = test1;
		};
/* End PBXContainerItemProxy section */

/* Begin PBXFileReference section */
		674E024C21E4936C00C60EE5 /* test1.app */ = {isa = PBXFileReference; explicitFileType = wrapper.application; includeInIndex = 0; path = test1.app; sourceTree = BUILT_PRODUCTS_DIR; };
		674E024F21E4936C00C60EE5 /* AppDelegate.swift */ = {isa = PBXFileReference; lastKnownFileType = sourcecode.swift; path = AppDelegate.swift; sourceTree = "<group>"; };
		674E025121E4936C00C60EE5 /* ViewController.swift */ = {isa = PBXFileReference; lastKnownFileType = sourcecode.swift; path = ViewController.swift; sourceTree = "<group>"; };
		674E025421E4936C00C60EE5 /* Base */ = {isa = PBXFileReference; lastKnownFileType = file.storyboard; name = Base; path = Base.lproj/Main.storyboard; sourceTree = "<group>"; };
		674E025621E4936C00C60EE5 /* Assets.xcassets */ = {isa = PBXFileReference; lastKnownFileType = folder.assetcatalog; path = Assets.xcassets; sourceTree = "<group>"; };
		674E025921E4936C00C60EE5 /* Base */ = {isa = PBXFileReference; lastKnownFileType = file.storyboard; name = Base; path = Base.lproj/LaunchScreen.storyboard; sourceTree = "<group>"; };
		674E025B21E4936C00C60EE5 /* Info.plist */ = {isa = PBXFileReference; lastKnownFileType = text.plist.xml; path = Info.plist; sourceTree = "<group>"; };
		674E026021E4936D00C60EE5 /* test1Tests.xctest */ = {isa = PBXFileReference; explicitFileType = wrapper.cfbundle; includeInIndex = 0; path = test1Tests.xctest; sourceTree = BUILT_PRODUCTS_DIR; };
		674E026421E4936D00C60EE5 /* test1Tests.swift */ = {isa = PBXFileReference; lastKnownFileType = sourcecode.swift; path = test1Tests.swift; sourceTree = "<group>"; };
		674E026621E4936D00C60EE5 /* Info.plist */ = {isa = PBXFileReference; lastKnownFileType = text.plist.xml; path = Info.plist; sourceTree = "<group>"; };
		674E026B21E4936D00C60EE5 /* test1UITests.xctest */ = {isa = PBXFileReference; explicitFileType = wrapper.cfbundle; includeInIndex = 0; path = test1UITests.xctest; sourceTree = BUILT_PRODUCTS_DIR; };
		674E026F21E4936D00C60EE5 /* test1UITests.swift */ = {isa = PBXFileReference; lastKnownFileType = sourcecode.swift; path = test1UITests.swift; sourceTree = "<group>"; };
		674E027121E4936D00C60EE5 /* Info.plist */ = {isa = PBXFileReference; lastKnownFileType = text.plist.xml; path = Info.plist; sourceTree = "<group>"; };
/* End PBXFileReference section */

/* Begin PBXFrameworksBuildPhase section */
		674E024921E4936C00C60EE5 /* Frameworks */ = {
			isa = PBXFrameworksBuildPhase;
			buildActionMask = 2147483647;
			files = (
			);
			runOnlyForDeploymentPostprocessing = 0;
		};
		674E025D21E4936D00C60EE5 /* Frameworks */ = {
			isa = PBXFrameworksBuildPhase;
			buildActionMask = 2147483647;
			files = (
			);
			runOnlyForDeploymentPostprocessing = 0;
		};
		674E026821E4936D00C60EE5 /* Frameworks */ = {
			isa = PBXFrameworksBuildPhase;
			buildActionMask = 2147483647;
			files = (
			);
			runOnlyForDeploymentPostprocessing = 0;
		};
/* End PBXFrameworksBuildPhase section */

/* Begin PBXGroup section */
		674E024321E4936C00C60EE5 = {
			isa = PBXGroup;
			children = (
				674E024E21E4936C00C60EE5 /* test1 */,
				674E026321E4936D00C60EE5 /* test1Tests */,
				674E026E21E4936D00C60EE5 /* test1UITests */,
				674E024D21E4936C00C60EE5 /* Products */,
			);
			sourceTree = "<group>";
		};
		674E024D21E4936C00C60EE5 /* Products */ = {
			isa = PBXGroup;
			children = (
				674E024C21E4936C00C60EE5 /* test1.app */,
				674E026021E4936D00C60EE5 /* test1Tests.xctest */,
				674E026B21E4936D00C60EE5 /* test1UITests.xctest */,
			);
			name = Products;
			sourceTree = "<group>";
		};
		674E024E21E4936C00C60EE5 /* test1 */ = {
			isa = PBXGroup;
			children = (
				674E024F21E4936C00C60EE5 /* AppDelegate.swift */,
				674E025121E4936C00C60EE5 /* ViewController.swift */,
				674E025321E4936C00C60EE5 /* Main.storyboard */,
				674E025621E4936C00C60EE5 /* Assets.xcassets */,
				674E025821E4936C00C60EE5 /* LaunchScreen.storyboard */,
				674E025B21E4936C00C60EE5 /* Info.plist */,
			);
			path = test1;
			sourceTree = "<group>";
		};
		674E026321E4936D00C60EE5 /* test1Tests */ = {
			isa = PBXGroup;
			children = (
				674E026421E4936D00C60EE5 /* test1Tests.swift */,
				674E026621E4936D00C60EE5 /* Info.plist */,
			);
			path = test1Tests;
			sourceTree = "<group>";
		};
		674E026E21E4936D00C60EE5 /* test1UITests */ = {
			isa = PBXGroup;
			children = (
				674E026F21E4936D00C60EE5 /* test1UITests.swift */,
				674E027121E4936D00C60EE5 /* Info.plist */,
			);
			path = test1UITests;
			sourceTree = "<group>";
		};
/* End PBXGroup section */

/* Begin PBXNativeTarget section */
		674E024B21E4936C00C60EE5 /* test1 */ = {
			isa = PBXNativeTarget;
			buildConfigurationList = 674E027421E4936D00C60EE5 /* Build configuration list for PBXNativeTarget "test1" */;
			buildPhases = (
				674E024821E4936C00C60EE5 /* Sources */,
				674E024921E4936C00C60EE5 /* Frameworks */,
				674E024A21E4936C00C60EE5 /* Resources */,
			);
			buildRules = (
			);
			dependencies = (
			);
			name = test1;
			productName = test1;
			productReference = 674E024C21E4936C00C60EE5 /* test1.app */;
			productType = "com.apple.product-type.application";
		};
		674E025F21E4936D00C60EE5 /* test1Tests */ = {
			isa = PBXNativeTarget;
			buildConfigurationList = 674E027721E4936D00C60EE5 /* Build configuration list for PBXNativeTarget "test1Tests" */;
			buildPhases = (
				674E025C21E4936D00C60EE5 /* Sources */,
				674E025D21E4936D00C60EE5 /* Frameworks */,
				674E025E21E4936D00C60EE5 /* Resources */,
			);
			buildRules = (
			);
			dependencies = (
				674E026221E4936D00C60EE5 /* PBXTargetDependency */,
			);
			name = test1Tests;
			productName = test1Tests;
			productReference = 674E026021E4936D00C60EE5 /* test1Tests.xctest */;
			productType = "com.apple.product-type.bundle.unit-test";
		};
		674E026A21E4936D00C60EE5 /* test1UITests */ = {
			isa = PBXNativeTarget;
			buildConfigurationList = 674E027A21E4936D00C60EE5 /* Build configuration list for PBXNativeTarget "test1UITests" */;
			buildPhases = (
				674E026721E4936D00C60EE5 /* Sources */,
				674E026821E4936D00C60EE5 /* Frameworks */,
				674E026921E4936D00C60EE5 /* Resources */,
			);
			buildRules = (
			);
			dependencies = (
				674E026D21E4936D00C60EE5 /* PBXTargetDependency */,
			);
			name = test1UITests;
			productName = test1UITests;
			productReference = 674E026B21E4936D00C60EE5 /* test1UITests.xctest */;
			productType = "com.apple.product-type.bundle.ui-testing";
		};
/* End PBXNativeTarget section */

/* Begin PBXProject section */
		674E024421E4936C00C60EE5 /* Project object */ = {
			isa = PBXProject;
			attributes = {
				LastSwiftUpdateCheck = 0900;
				LastUpgradeCheck = 0900;
				ORGANIZATIONNAME = "萨缪";
				TargetAttributes = {
					674E024B21E4936C00C60EE5 = {
						CreatedOnToolsVersion = 9.0;
						ProvisioningStyle = Automatic;
					};
					674E025F21E4936D00C60EE5 = {
						CreatedOnToolsVersion = 9.0;
						ProvisioningStyle = Automatic;
						TestTargetID = 674E024B21E4936C00C60EE5;
					};
					674E026A21E4936D00C60EE5 = {
						CreatedOnToolsVersion = 9.0;
						ProvisioningStyle = Automatic;
						TestTargetID = 674E024B21E4936C00C60EE5;
					};
				};
			};
			buildConfigurationList = 674E024721E4936C00C60EE5 /* Build configuration list for PBXProject "test1" */;
			compatibilityVersion = "Xcode 8.0";
			developmentRegion = en;
			hasScannedForEncodings = 0;
			knownRegions = (
				en,
				Base,
			);
			mainGroup = 674E024321E4936C00C60EE5;
			productRefGroup = 674E024D21E4936C00C60EE5 /* Products */;
			projectDirPath = "";
			projectRoot = "";
			targets = (
				674E024B21E4936C00C60EE5 /* test1 */,
				674E025F21E4936D00C60EE5 /* test1Tests */,
				674E026A21E4936D00C60EE5 /* test1UITests */,
			);
		};
/* End PBXProject section */

/* Begin PBXResourcesBuildPhase section */
		674E024A21E4936C00C60EE5 /* Resources */ = {
			isa = PBXResourcesBuildPhase;
			buildActionMask = 2147483647;
			files = (
				674E025A21E4936C00C60EE5 /* LaunchScreen.storyboard in Resources */,
				674E025721E4936C00C60EE5 /* Assets.xcassets in Resources */,
				674E025521E4936C00C60EE5 /* Main.storyboard in Resources */,
			);
			runOnlyForDeploymentPostprocessing = 0;
		};
		674E025E21E4936D00C60EE5 /* Resources */ = {
			isa = PBXResourcesBuildPhase;
			buildActionMask = 2147483647;
			files = (
			);
			runOnlyForDeploymentPostprocessing = 0;
		};
		674E026921E4936D00C60EE5 /* Resources */ = {
			isa = PBXResourcesBuildPhase;
			buildActionMask = 2147483647;
			files = (
			);
			runOnlyForDeploymentPostprocessing = 0;
		};
/* End PBXResourcesBuildPhase section */

/* Begin PBXSourcesBuildPhase section */
		674E024821E4936C00C60EE5 /* Sources */ = {
			isa = PBXSourcesBuildPhase;
			buildActionMask = 2147483647;
			files = (
				674E025221E4936C00C60EE5 /* ViewController.swift in Sources */,
				674E025021E4936C00C60EE5 /* AppDelegate.swift in Sources */,
			);
			runOnlyForDeploymentPostprocessing = 0;
		};
		674E025C21E4936D00C60EE5 /* Sources */ = {
			isa = PBXSourcesBuildPhase;
			buildActionMask = 2147483647;
			files = (
				674E026521E4936D00C60EE5 /* test1Tests.swift in Sources */,
			);
			runOnlyForDeploymentPostprocessing = 0;
		};
		674E026721E4936D00C60EE5 /* Sources */ = {
			isa = PBXSourcesBuildPhase;
			buildActionMask = 2147483647;
			files = (
				674E027021E4936D00C60EE5 /* test1UITests.swift in Sources */,
			);
			runOnlyForDeploymentPostprocessing = 0;
		};
/* End PBXSourcesBuildPhase section */

/* Begin PBXTargetDependency section */
		674E026221E4936D00C60EE5 /* PBXTargetDependency */ = {
			isa = PBXTargetDependency;
			target = 674E024B21E4936C00C60EE5 /* test1 */;
			targetProxy = 674E026121E4936D00C60EE5 /* PBXContainerItemProxy */;
		};
		674E026D21E4936D00C60EE5 /* PBXTargetDependency */ = {
			isa = PBXTargetDependency;
			target = 674E024B21E4936C00C60EE5 /* test1 */;
			targetProxy = 674E026C21E4936D00C60EE5 /* PBXContainerItemProxy */;
		};
/* End PBXTargetDependency section */

/* Begin PBXVariantGroup section */
		674E025321E4936C00C60EE5 /* Main.storyboard */ = {
			isa = PBXVariantGroup;
			children = (
				674E025421E4936C00C60EE5 /* Base */,
			);
			name = Main.storyboard;
			sourceTree = "<group>";
		};
		674E025821E4936C00C60EE5 /* LaunchScreen.storyboard */ = {
			isa = PBXVariantGroup;
			children = (
				674E025921E4936C00C60EE5 /* Base */,
			);
			name = LaunchScreen.storyboard;
			sourceTree = "<group>";
		};
/* End PBXVariantGroup section */

/* Begin XCBuildConfiguration section */
		674E027221E4936D00C60EE5 /* Debug */ = {
			isa = XCBuildConfiguration;
			buildSettings = {
				ALWAYS_SEARCH_USER_PATHS = NO;
				CLANG_ANALYZER_NONNULL = YES;
				CLANG_ANALYZER_NUMBER_OBJECT_CONVERSION = YES_AGGRESSIVE;
				CLANG_CXX_LANGUAGE_STANDARD = "gnu++14";
				CLANG_CXX_LIBRARY = "libc++";
				CLANG_ENABLE_MODULES = YES;
				CLANG_ENABLE_OBJC_ARC = YES;
				CLANG_WARN_BLOCK_CAPTURE_AUTORELEASING = YES;
				CLANG_WARN_BOOL_CONVERSION = YES;
				CLANG_WARN_COMMA = YES;
				CLANG_WARN_CONSTANT_CONVERSION = YES;
				CLANG_WARN_DIRECT_OBJC_ISA_USAGE = YES_ERROR;
				CLANG_WARN_DOCUMENTATION_COMMENTS = YES;
				CLANG_WARN_EMPTY_BODY = YES;
				CLANG_WARN_ENUM_CONVERSION = YES;
				CLANG_WARN_INFINITE_RECURSION = YES;
				CLANG_WARN_INT_CONVERSION = YES;
				CLANG_WARN_NON_LITERAL_NULL_CONVERSION = YES;
				CLANG_WARN_OBJC_LITERAL_CONVERSION = YES;
				CLANG_WARN_OBJC_ROOT_CLASS = YES_ERROR;
				CLANG_WARN_RANGE_LOOP_ANALYSIS = YES;
				CLANG_WARN_STRICT_PROTOTYPES = YES;
				CLANG_WARN_SUSPICIOUS_MOVE = YES;
				CLANG_WARN_UNGUARDED_AVAILABILITY = YES_AGGRESSIVE;
				CLANG_WARN_UNREACHABLE_CODE = YES;
				CLANG_WARN__DUPLICATE_METHOD_MATCH = YES;
				CODE_SIGN_IDENTITY = "iPhone Developer";
				COPY_PHASE_STRIP = NO;
				DEBUG_INFORMATION_FORMAT = dwarf;
				ENABLE_STRICT_OBJC_MSGSEND = YES;
				ENABLE_TESTABILITY = YES;
				GCC_C_LANGUAGE_STANDARD = gnu11;
				GCC_DYNAMIC_NO_PIC = NO;
				GCC_NO_COMMON_BLOCKS = YES;
				GCC_OPTIMIZATION_LEVEL = 0;
				GCC_PREPROCESSOR_DEFINITIONS = (
					"DEBUG=1",
					"$(inherited)",
				);
				GCC_WARN_64_TO_32_BIT_CONVERSION = YES;
				GCC_WARN_ABOUT_RETURN_TYPE = YES_ERROR;
				GCC_WARN_UNDECLARED_SELECTOR = YES;
				GCC_WARN_UNINITIALIZED_AUTOS = YES_AGGRESSIVE;
				GCC_WARN_UNUSED_FUNCTION = YES;
				GCC_WARN_UNUSED_VARIABLE = YES;
				IPHONEOS_DEPLOYMENT_TARGET = 11.0;
				MTL_ENABLE_DEBUG_INFO = YES;
				ONLY_ACTIVE_ARCH = YES;
				SDKROOT = iphoneos;
				SWIFT_ACTIVE_COMPILATION_CONDITIONS = DEBUG;
				SWIFT_OPTIMIZATION_LEVEL = "-Onone";
			};
			name = Debug;
		};
		674E027321E4936D00C60EE5 /* Release */ = {
			isa = XCBuildConfiguration;
			buildSettings = {
				ALWAYS_SEARCH_USER_PATHS = NO;
				CLANG_ANALYZER_NONNULL = YES;
				CLANG_ANALYZER_NUMBER_OBJECT_CONVERSION = YES_AGGRESSIVE;
				CLANG_CXX_LANGUAGE_STANDARD = "gnu++14";
				CLANG_CXX_LIBRARY = "libc++";
				CLANG_ENABLE_MODULES = YES;
				CLANG_ENABLE_OBJC_ARC = YES;
				CLANG_WARN_BLOCK_CAPTURE_AUTORELEASING = YES;
				CLANG_WARN_BOOL_CONVERSION = YES;
				CLANG_WARN_COMMA = YES;
				CLANG_WARN_CONSTANT_CONVERSION = YES;
				CLANG_WARN_DIRECT_OBJC_ISA_USAGE = YES_ERROR;
				CLANG_WARN_DOCUMENTATION_COMMENTS = YES;
				CLANG_WARN_EMPTY_BODY = YES;
				CLANG_WARN_ENUM_CONVERSION = YES;
				CLANG_WARN_INFINITE_RECURSION = YES;
				CLANG_WARN_INT_CONVERSION = YES;
				CLANG_WARN_NON_LITERAL_NULL_CONVERSION = YES;
				CLANG_WARN_OBJC_LITERAL_CONVERSION = YES;
				CLANG_WARN_OBJC_ROOT_CLASS = YES_ERROR;
				CLANG_WARN_RANGE_LOOP_ANALYSIS = YES;
				CLANG_WARN_STRICT_PROTOTYPES = YES;
				CLANG_WARN_SUSPICIOUS_MOVE = YES;
				CLANG_WARN_UNGUARDED_AVAILABILITY = YES_AGGRESSIVE;
				CLANG_WARN_UNREACHABLE_CODE = YES;
				CLANG_WARN__DUPLICATE_METHOD_MATCH = YES;
				CODE_SIGN_IDENTITY = "iPhone Developer";
				COPY_PHASE_STRIP = NO;
				DEBUG_INFORMATION_FORMAT = "dwarf-with-dsym";
				ENABLE_NS_ASSERTIONS = NO;
				ENABLE_STRICT_OBJC_MSGSEND = YES;
				GCC_C_LANGUAGE_STANDARD = gnu11;
				GCC_NO_COMMON_BLOCKS = YES;
				GCC_WARN_64_TO_32_BIT_CONVERSION = YES;
				GCC_WARN_ABOUT_RETURN_TYPE = YES_ERROR;
				GCC_WARN_UNDECLARED_SELECTOR = YES;
				GCC_WARN_UNINITIALIZED_AUTOS = YES_AGGRESSIVE;
				GCC_WARN_UNUSED_FUNCTION = YES;
				GCC_WARN_UNUSED_VARIABLE = YES;
				IPHONEOS_DEPLOYMENT_TARGET = 11.0;
				MTL_ENABLE_DEBUG_INFO = NO;
				SDKROOT = iphoneos;
				SWIFT_OPTIMIZATION_LEVEL = "-Owholemodule";
				VALIDATE_PRODUCT = YES;
			};
			name = Release;
		};
		674E027521E4936D00C60EE5 /* Debug */ = {
			isa = XCBuildConfiguration;
			buildSettings = {
				ASSETCATALOG_COMPILER_APPICON_NAME = AppIcon;
				CODE_SIGN_STYLE = Automatic;
				INFOPLIST_FILE = test1/Info.plist;
				LD_RUNPATH_SEARCH_PATHS = "$(inherited) @executable_path/Frameworks";
				PRODUCT_BUNDLE_IDENTIFIER = fist.test1;
				PRODUCT_NAME = "$(TARGET_NAME)";
				SWIFT_VERSION = 4.0;
				TARGETED_DEVICE_FAMILY = "1,2";
			};
			name = Debug;
		};
		674E027621E4936D00C60EE5 /* Release */ = {
			isa = XCBuildConfiguration;
			buildSettings = {
				ASSETCATALOG_COMPILER_APPICON_NAME = AppIcon;
				CODE_SIGN_STYLE = Automatic;
				INFOPLIST_FILE = test1/Info.plist;
				LD_RUNPATH_SEARCH_PATHS = "$(inherited) @executable_path/Frameworks";
				PRODUCT_BUNDLE_IDENTIFIER = fist.test1;
				PRODUCT_NAME = "$(TARGET_NAME)";
				SWIFT_VERSION = 4.0;
				TARGETED_DEVICE_FAMILY = "1,2";
			};
			name = Release;
		};
		674E027821E4936D00C60EE5 /* Debug */ = {
			isa = XCBuildConfiguration;
			buildSettings = {
				ALWAYS_EMBED_SWIFT_STANDARD_LIBRARIES = YES;
				BUNDLE_LOADER = "$(TEST_HOST)";
				CODE_SIGN_STYLE = Automatic;
				INFOPLIST_FILE = test1Tests/Info.plist;
				LD_RUNPATH_SEARCH_PATHS = "$(inherited) @executable_path/Frameworks @loader_path/Frameworks";
				PRODUCT_BUNDLE_IDENTIFIER = fist.test1Tests;
				PRODUCT_NAME = "$(TARGET_NAME)";
				SWIFT_VERSION = 4.0;
				TARGETED_DEVICE_FAMILY = "1,2";
				TEST_HOST = "$(BUILT_PRODUCTS_DIR)/test1.app/test1";
			};
			name = Debug;
		};
		674E027921E4936D00C60EE5 /* Release */ = {
			isa = XCBuildConfiguration;
			buildSettings = {
				ALWAYS_EMBED_SWIFT_STANDARD_LIBRARIES = YES;
				BUNDLE_LOADER = "$(TEST_HOST)";
				CODE_SIGN_STYLE = Automatic;
				INFOPLIST_FILE = test1Tests/Info.plist;
				LD_RUNPATH_SEARCH_PATHS = "$(inherited) @executable_path/Frameworks @loader_path/Frameworks";
				PRODUCT_BUNDLE_IDENTIFIER = fist.test1Tests;
				PRODUCT_NAME = "$(TARGET_NAME)";
				SWIFT_VERSION = 4.0;
				TARGETED_DEVICE_FAMILY = "1,2";
				TEST_HOST = "$(BUILT_PRODUCTS_DIR)/test1.app/test1";
			};
			name = Release;
		};
		674E027B21E4936D00C60EE5 /* Debug */ = {
			isa = XCBuildConfiguration;
			buildSettings = {
				ALWAYS_EMBED_SWIFT_STANDARD_LIBRARIES = YES;
				CODE_SIGN_STYLE = Automatic;
				INFOPLIST_FILE = test1UITests/Info.plist;
				LD_RUNPATH_SEARCH_PATHS = "$(inherited) @executable_path/Frameworks @loader_path/Frameworks";
				PRODUCT_BUNDLE_IDENTIFIER = fist.test1UITests;
				PRODUCT_NAME = "$(TARGET_NAME)";
				SWIFT_VERSION = 4.0;
				TARGETED_DEVICE_FAMILY = "1,2";
				TEST_TARGET_NAME = test1;
			};
			name = Debug;
		};
		674E027C21E4936D00C60EE5 /* Release */ = {
			isa = XCBuildConfiguration;
			buildSettings = {
				ALWAYS_EMBED_SWIFT_STANDARD_LIBRARIES = YES;
				CODE_SIGN_STYLE = Automatic;
				INFOPLIST_FILE = test1UITests/Info.plist;
				LD_RUNPATH_SEARCH_PATHS = "$(inherited) @executable_path/Frameworks @loader_path/Frameworks";
				PRODUCT_BUNDLE_IDENTIFIER = fist.test1UITests;
				PRODUCT_NAME = "$(TARGET_NAME)";
				SWIFT_VERSION = 4.0;
				TARGETED_DEVICE_FAMILY = "1,2";
				TEST_TARGET_NAME = test1;
			};
			name = Release;
		};
/* End XCBuildConfiguration section */

/* Begin XCConfigurationList section */
		674E024721E4936C00C60EE5 /* Build configuration list for PBXProject "test1" */ = {
			isa = XCConfigurationList;
			buildConfigurations = (
				674E027221E4936D00C60EE5 /* Debug */,
				674E027321E4936D00C60EE5 /* Release */,
			);
			defaultConfigurationIsVisible = 0;
			defaultConfigurationName = Release;
		};
		674E027421E4936D00C60EE5 /* Build configuration list for PBXNativeTarget "test1" */ = {
			isa = XCConfigurationList;
			buildConfigurations = (
				674E027521E4936D00C60EE5 /* Debug */,
				674E027621E4936D00C60EE5 /* Release */,
			);
			defaultConfigurationIsVisible = 0;
			defaultConfigurationName = Release;
		};
		674E027721E4936D00C60EE5 /* Build configuration list for PBXNativeTarget "test1Tests" */ = {
			isa = XCConfigurationList;
			buildConfigurations = (
				674E027821E4936D00C60EE5 /* Debug */,
				674E027921E4936D00C60EE5 /* Release */,
			);
			defaultConfigurationIsVisible = 0;
			defaultConfigurationName = Release;
		};
		674E027A21E4936D00C60EE5 /* Build configuration list for PBXNativeTarget "test1UITests" */ = {
			isa = XCConfigurationList;
			buildConfigurations = (
				674E027B21E4936D00C60EE5 /* Debug */,
				674E027C21E4936D00C60EE5 /* Release */,
			);
			defaultConfigurationIsVisible = 0;
			defaultConfigurationName = Release;
		};
/* End XCConfigurationList section */
	};
	rootObject = 674E024421E4936C00C60EE5 /* Project object */;
}
